
Microsoft Visual Studio Solution File, Format Version 12.00
# Visual Studio 15
VisualStudioVersion = 15.0.27130.2024
MinimumVisualStudioVersion = 10.0.40219.1
Project("{9A19103F-16F7-4668-BE54-9A1E7A4F7556}") = "ViGEmClient", "ViGEmClient\ViGEmClient.csproj", "{AA18EBCF-7E9D-4BC5-8760-E8C6E9A773E5}"
EndProject
Global
	GlobalSection(SolutionConfigurationPlatforms) = preSolution
		Debug|Any CPU = Debug|Any CPU
		Release|Any CPU = Release|Any CPU
	EndGlobalSection
	GlobalSection(ProjectConfigurationPlatforms) = postSolution
		{AA18EBCF-7E9D-4BC5-8760-E8C6E9A773E5}.Debug|Any CPU.ActiveCfg = Debug|Any CPU
		{AA18EBCF-7E9D-4BC5-8760-E8C6E9A773E5}.Debug|Any CPU.Build.0 = Debug|Any CPU
		{AA18EBCF-7E9D-4BC5-8760-E8C6E9A773E5}.Release|Any CPU.ActiveCfg = Release|Any CPU
		{AA18EBCF-7E9D-4BC5-8760-E8C6E9A773E5}.Release|Any CPU.Build.0 = Release|Any CPU
	EndGlobalSection
	GlobalSection(SolutionProperties) = preSolution
		HideSolutionNode = FALSE
	EndGlobalSection
	GlobalSection(ExtensibilityGlobals) = postSolution
		SolutionGuid = {202D1806-EB3A-4452-8305-BC965680583F}
	EndGlobalSection
EndGlobal
