
Microsoft Visual Studio Solution File, Format Version 12.00
# Visual Studio 15
VisualStudioVersion = 15.0.27130.2024
MinimumVisualStudioVersion = 10.0.40219.1
Project("{9A19103F-16F7-4668-BE54-9A1E7A4F7556}") = "ViGEmClient.NET", "ViGEmClient\ViGEmClient.NET.csproj", "{AA18EBCF-7E9D-4BC5-8760-E8C6E9A773E5}"
	ProjectSection(ProjectDependencies) = postProject
		{7DB06674-1F4F-464B-8E1C-172E9587F9DC} = {7DB06674-1F4F-464B-8E1C-172E9587F9DC}
	EndProjectSection
EndProject
Project("{9A19103F-16F7-4668-BE54-9A1E7A4F7556}") = "_build", "build\_build.csproj", "{9AC53E08-9764-493B-ABFD-4F757EC0AA65}"
EndProject
Project("{2150E333-8FDC-42A3-9474-1A3956D46DE8}") = "native", "native", "{DE251CFD-5814-4C93-A2C3-1358BECBA65A}"
EndProject
Project("{8BC9CEB8-8B4A-11D0-8D11-00A0C91BC942}") = "ViGEmClient", "native\src\ViGEmClient.vcxproj", "{7DB06674-1F4F-464B-8E1C-172E9587F9DC}"
EndProject
Global
	GlobalSection(SolutionConfigurationPlatforms) = preSolution
		Debug_DLL|Any CPU = Debug_DLL|Any CPU
		Debug_DLL|x64 = Debug_DLL|x64
		Debug_DLL|x86 = Debug_DLL|x86
		Debug_LIB|Any CPU = Debug_LIB|Any CPU
		Debug_LIB|x64 = Debug_LIB|x64
		Debug_LIB|x86 = Debug_LIB|x86
		Debug|Any CPU = Debug|Any CPU
		Debug|x64 = Debug|x64
		Debug|x86 = Debug|x86
		Release_DLL|Any CPU = Release_DLL|Any CPU
		Release_DLL|x64 = Release_DLL|x64
		Release_DLL|x86 = Release_DLL|x86
		Release_LIB|Any CPU = Release_LIB|Any CPU
		Release_LIB|x64 = Release_LIB|x64
		Release_LIB|x86 = Release_LIB|x86
		Release|Any CPU = Release|Any CPU
		Release|x64 = Release|x64
		Release|x86 = Release|x86
	EndGlobalSection
	GlobalSection(ProjectConfigurationPlatforms) = postSolution
		{AA18EBCF-7E9D-4BC5-8760-E8C6E9A773E5}.Debug_DLL|Any CPU.ActiveCfg = Debug|Any CPU
		{AA18EBCF-7E9D-4BC5-8760-E8C6E9A773E5}.Debug_DLL|Any CPU.Build.0 = Debug|Any CPU
		{AA18EBCF-7E9D-4BC5-8760-E8C6E9A773E5}.Debug_DLL|x64.ActiveCfg = Debug|Any CPU
		{AA18EBCF-7E9D-4BC5-8760-E8C6E9A773E5}.Debug_DLL|x86.ActiveCfg = Debug|Any CPU
		{AA18EBCF-7E9D-4BC5-8760-E8C6E9A773E5}.Debug_LIB|Any CPU.ActiveCfg = Debug|Any CPU
		{AA18EBCF-7E9D-4BC5-8760-E8C6E9A773E5}.Debug_LIB|Any CPU.Build.0 = Debug|Any CPU
		{AA18EBCF-7E9D-4BC5-8760-E8C6E9A773E5}.Debug_LIB|x64.ActiveCfg = Debug|Any CPU
		{AA18EBCF-7E9D-4BC5-8760-E8C6E9A773E5}.Debug_LIB|x64.Build.0 = Debug|Any CPU
		{AA18EBCF-7E9D-4BC5-8760-E8C6E9A773E5}.Debug_LIB|x86.ActiveCfg = Debug|Any CPU
		{AA18EBCF-7E9D-4BC5-8760-E8C6E9A773E5}.Debug_LIB|x86.Build.0 = Debug|Any CPU
		{AA18EBCF-7E9D-4BC5-8760-E8C6E9A773E5}.Debug|Any CPU.ActiveCfg = Debug|Any CPU
		{AA18EBCF-7E9D-4BC5-8760-E8C6E9A773E5}.Debug|Any CPU.Build.0 = Debug|Any CPU
		{AA18EBCF-7E9D-4BC5-8760-E8C6E9A773E5}.Debug|x64.ActiveCfg = Debug|Any CPU
		{AA18EBCF-7E9D-4BC5-8760-E8C6E9A773E5}.Debug|x64.Build.0 = Debug|Any CPU
		{AA18EBCF-7E9D-4BC5-8760-E8C6E9A773E5}.Debug|x86.ActiveCfg = Debug|Any CPU
		{AA18EBCF-7E9D-4BC5-8760-E8C6E9A773E5}.Debug|x86.Build.0 = Debug|Any CPU
		{AA18EBCF-7E9D-4BC5-8760-E8C6E9A773E5}.Release_DLL|Any CPU.ActiveCfg = Release|Any CPU
		{AA18EBCF-7E9D-4BC5-8760-E8C6E9A773E5}.Release_DLL|Any CPU.Build.0 = Release|Any CPU
		{AA18EBCF-7E9D-4BC5-8760-E8C6E9A773E5}.Release_DLL|x64.ActiveCfg = Release|Any CPU
		{AA18EBCF-7E9D-4BC5-8760-E8C6E9A773E5}.Release_DLL|x86.ActiveCfg = Release|Any CPU
		{AA18EBCF-7E9D-4BC5-8760-E8C6E9A773E5}.Release_LIB|Any CPU.ActiveCfg = Release|Any CPU
		{AA18EBCF-7E9D-4BC5-8760-E8C6E9A773E5}.Release_LIB|Any CPU.Build.0 = Release|Any CPU
		{AA18EBCF-7E9D-4BC5-8760-E8C6E9A773E5}.Release_LIB|x64.ActiveCfg = Release|Any CPU
		{AA18EBCF-7E9D-4BC5-8760-E8C6E9A773E5}.Release_LIB|x64.Build.0 = Release|Any CPU
		{AA18EBCF-7E9D-4BC5-8760-E8C6E9A773E5}.Release_LIB|x86.ActiveCfg = Release|Any CPU
		{AA18EBCF-7E9D-4BC5-8760-E8C6E9A773E5}.Release_LIB|x86.Build.0 = Release|Any CPU
		{AA18EBCF-7E9D-4BC5-8760-E8C6E9A773E5}.Release|Any CPU.ActiveCfg = Release|Any CPU
		{AA18EBCF-7E9D-4BC5-8760-E8C6E9A773E5}.Release|Any CPU.Build.0 = Release|Any CPU
		{AA18EBCF-7E9D-4BC5-8760-E8C6E9A773E5}.Release|x64.ActiveCfg = Release|Any CPU
		{AA18EBCF-7E9D-4BC5-8760-E8C6E9A773E5}.Release|x64.Build.0 = Release|Any CPU
		{AA18EBCF-7E9D-4BC5-8760-E8C6E9A773E5}.Release|x86.ActiveCfg = Release|Any CPU
		{AA18EBCF-7E9D-4BC5-8760-E8C6E9A773E5}.Release|x86.Build.0 = Release|Any CPU
		{7DB06674-1F4F-464B-8E1C-172E9587F9DC}.Debug_DLL|Any CPU.ActiveCfg = Debug_DLL|Win32
		{7DB06674-1F4F-464B-8E1C-172E9587F9DC}.Debug_DLL|x64.ActiveCfg = Debug_DLL|x64
		{7DB06674-1F4F-464B-8E1C-172E9587F9DC}.Debug_DLL|x64.Build.0 = Debug_DLL|x64
		{7DB06674-1F4F-464B-8E1C-172E9587F9DC}.Debug_DLL|x86.ActiveCfg = Debug_DLL|Win32
		{7DB06674-1F4F-464B-8E1C-172E9587F9DC}.Debug_DLL|x86.Build.0 = Debug_DLL|Win32
		{7DB06674-1F4F-464B-8E1C-172E9587F9DC}.Debug_LIB|Any CPU.ActiveCfg = Debug_LIB|Win32
		{7DB06674-1F4F-464B-8E1C-172E9587F9DC}.Debug_LIB|x64.ActiveCfg = Debug_LIB|x64
		{7DB06674-1F4F-464B-8E1C-172E9587F9DC}.Debug_LIB|x64.Build.0 = Debug_LIB|x64
		{7DB06674-1F4F-464B-8E1C-172E9587F9DC}.Debug_LIB|x86.ActiveCfg = Debug_LIB|Win32
		{7DB06674-1F4F-464B-8E1C-172E9587F9DC}.Debug_LIB|x86.Build.0 = Debug_LIB|Win32
		{7DB06674-1F4F-464B-8E1C-172E9587F9DC}.Debug|Any CPU.ActiveCfg = Debug_LIB|Win32
		{7DB06674-1F4F-464B-8E1C-172E9587F9DC}.Debug|x64.ActiveCfg = Debug_DLL|x64
		{7DB06674-1F4F-464B-8E1C-172E9587F9DC}.Debug|x64.Build.0 = Debug_DLL|x64
		{7DB06674-1F4F-464B-8E1C-172E9587F9DC}.Debug|x86.ActiveCfg = Debug_LIB|Win32
		{7DB06674-1F4F-464B-8E1C-172E9587F9DC}.Debug|x86.Build.0 = Debug_LIB|Win32
		{7DB06674-1F4F-464B-8E1C-172E9587F9DC}.Release_DLL|Any CPU.ActiveCfg = Release_DLL|Win32
		{7DB06674-1F4F-464B-8E1C-172E9587F9DC}.Release_DLL|x64.ActiveCfg = Release_DLL|x64
		{7DB06674-1F4F-464B-8E1C-172E9587F9DC}.Release_DLL|x64.Build.0 = Release_DLL|x64
		{7DB06674-1F4F-464B-8E1C-172E9587F9DC}.Release_DLL|x86.ActiveCfg = Release_DLL|Win32
		{7DB06674-1F4F-464B-8E1C-172E9587F9DC}.Release_DLL|x86.Build.0 = Release_DLL|Win32
		{7DB06674-1F4F-464B-8E1C-172E9587F9DC}.Release_LIB|Any CPU.ActiveCfg = Release_LIB|Win32
		{7DB06674-1F4F-464B-8E1C-172E9587F9DC}.Release_LIB|x64.ActiveCfg = Release_LIB|x64
		{7DB06674-1F4F-464B-8E1C-172E9587F9DC}.Release_LIB|x64.Build.0 = Release_LIB|x64
		{7DB06674-1F4F-464B-8E1C-172E9587F9DC}.Release_LIB|x86.ActiveCfg = Release_LIB|Win32
		{7DB06674-1F4F-464B-8E1C-172E9587F9DC}.Release_LIB|x86.Build.0 = Release_LIB|Win32
		{7DB06674-1F4F-464B-8E1C-172E9587F9DC}.Release|Any CPU.ActiveCfg = Release_DLL|Win32
		{7DB06674-1F4F-464B-8E1C-172E9587F9DC}.Release|x64.ActiveCfg = Release_LIB|x64
		{7DB06674-1F4F-464B-8E1C-172E9587F9DC}.Release|x64.Build.0 = Release_LIB|x64
		{7DB06674-1F4F-464B-8E1C-172E9587F9DC}.Release|x86.ActiveCfg = Release_DLL|Win32
		{7DB06674-1F4F-464B-8E1C-172E9587F9DC}.Release|x86.Build.0 = Release_DLL|Win32
	EndGlobalSection
	GlobalSection(SolutionProperties) = preSolution
		HideSolutionNode = FALSE
	EndGlobalSection
	GlobalSection(NestedProjects) = preSolution
		{7DB06674-1F4F-464B-8E1C-172E9587F9DC} = {DE251CFD-5814-4C93-A2C3-1358BECBA65A}
	EndGlobalSection
	GlobalSection(ExtensibilityGlobals) = postSolution
		SolutionGuid = {202D1806-EB3A-4452-8305-BC965680583F}
	EndGlobalSection
EndGlobal
