
Microsoft Visual Studio Solution File, Format Version 12.00
# Visual Studio Version 17
VisualStudioVersion = 17.4.33205.214
MinimumVisualStudioVersion = 10.0.40219.1
Project("{9A19103F-16F7-4668-BE54-9A1E7A4F7556}") = "ViGEmClient.NET", "ViGEmClient\ViGEmClient.NET.csproj", "{AA18EBCF-7E9D-4BC5-8760-E8C6E9A773E5}"
EndProject
Project("{9A19103F-16F7-4668-BE54-9A1E7A4F7556}") = "_build", "build\_build.csproj", "{9AC53E08-9764-493B-ABFD-4F757EC0AA65}"
EndProject
Project("{2150E333-8FDC-42A3-9474-1A3956D46DE8}") = "Solution Items", "Solution Items", "{8F0E70AA-5760-494D-B21A-A7DD2509B9A9}"
	ProjectSection(SolutionItems) = preProject
		appveyor.yml = appveyor.yml
		LICENSE = LICENSE
		README.md = README.md
	EndProjectSection
EndProject
Global
	GlobalSection(SolutionConfigurationPlatforms) = preSolution
		Debug|Any CPU = Debug|Any CPU
		Release|Any CPU = Release|Any CPU
	EndGlobalSection
	GlobalSection(ProjectConfigurationPlatforms) = postSolution
		{AA18EBCF-7E9D-4BC5-8760-E8C6E9A773E5}.Debug|Any CPU.ActiveCfg = Debug|Any CPU
		{AA18EBCF-7E9D-4BC5-8760-E8C6E9A773E5}.Debug|Any CPU.Build.0 = Debug|Any CPU
		{AA18EBCF-7E9D-4BC5-8760-E8C6E9A773E5}.Release|Any CPU.ActiveCfg = Release|Any CPU
		{AA18EBCF-7E9D-4BC5-8760-E8C6E9A773E5}.Release|Any CPU.Build.0 = Release|Any CPU
		{9AC53E08-9764-493B-ABFD-4F757EC0AA65}.Debug|Any CPU.ActiveCfg = Debug|Any CPU
		{9AC53E08-9764-493B-ABFD-4F757EC0AA65}.Release|Any CPU.ActiveCfg = Release|Any CPU
	EndGlobalSection
	GlobalSection(SolutionProperties) = preSolution
		HideSolutionNode = FALSE
	EndGlobalSection
	GlobalSection(ExtensibilityGlobals) = postSolution
		SolutionGuid = {202D1806-EB3A-4452-8305-BC965680583F}
	EndGlobalSection
EndGlobal
